<?xml version="1.0" encoding="utf-8"?>
<Project ToolsVersion="4.0" xmlns="http://schemas.microsoft.com/developer/msbuild/2003">
  <ItemGroup>
    <ClCompile Include="src\renderEngine\DisplayManager.cpp" />
    <ClCompile Include="src\engineTester\Main.cpp" />
    <ClCompile Include="src\renderEngine\RawModel.cpp" />
    <ClCompile Include="src\renderEngine\Loader.cpp" />
    <ClCompile Include="src\renderEngine\Renderer.cpp" />
  </ItemGroup>
  <ItemGroup>
    <ClInclude Include="src\renderEngine\DisplayManager.h" />
    <ClInclude Include="src\renderEngine\RawModel.h" />
    <ClInclude Include="src\renderEngine\Loader.h" />
    <ClInclude Include="src\renderEngine\Renderer.h" />
  </ItemGroup>
</Project>